{
  "nodes": {
    "nixpkgs": {
      "locked": {
        "lastModified": 1773135526,
        "narHash": "sha256-RXHb25Jx9WD810XbGWI38s/838EEZiG1yI2GQNvzXg4=",
        "owner": "NixOS",
        "repo": "nixpkgs",
        "rev": "edb8e3e0eef236eec0e0607a7ea958424700c295",
        "type": "github"
      },
      "original": {
        "owner": "NixOS",
        "ref": "release-25.11",
        "repo": "nixpkgs",
        "type": "github"
      }
    },
    "root": {
      "inputs": {
        "nixpkgs": "nixpkgs"
      }
    }
  },
  "root": "root",
  "version": 7
}
